{
  "name": "battery-checker",
  "version": "1.0.0",
  "lockfileVersion": 3,
  "requires": true,
  "packages": {
    "": {
      "name": "battery-checker",
      "version": "1.0.0",
      "license": "ISC",
      "dependencies": {
        "execa": "^9.3.1",
        "linux-battery": "^3.0.1",
        "node-notifier": "^10.0.1",
        "osx-battery": "^4.0.0",
        "play-sound": "^1.1.6",
        "say": "^0.16.0",
        "to-decimal": "^2.0.0"
      }
    },
    "node_modules/@sec-ant/readable-stream": {
      "version": "0.4.1",
      "resolved": "https://registry.npmjs.org/@sec-ant/readable-stream/-/readable-stream-0.4.1.tgz",
      "integrity": "sha512-831qok9r2t8AlxLko40y2ebgSDhenenCatLVeW/uBtnHPyhHOvG0C7TvfgecV+wHzIm5KUICgzmVpWS+IMEAeg=="
    },
    "node_modules/@sindresorhus/merge-streams": {
      "version": "4.0.0",
      "resolved": "https://registry.npmjs.org/@sindresorhus/merge-streams/-/merge-streams-4.0.0.tgz",
      "integrity": "sha512-tlqY9xq5ukxTUZBmoOp+m61cqwQD5pHJtFY3Mn8CA8ps6yghLH/Hw8UPdqg4OLmFW3IFlcXnQNmo/dh8HzXYIQ==",
      "engines": {
        "node": ">=18"
      },
      "funding": {
        "url": "https://github.com/sponsors/sindresorhus"
      }
    },
    "node_modules/base64-js": {
      "version": "0.0.6",
      "resolved": "https://registry.npmjs.org/base64-js/-/base64-js-0.0.6.tgz",
      "integrity": "sha512-fsyA7iUnTsMJtsDqcL/8BqXAp66zldDas+PP1lDY6fVjcXxjQllGSmuT58evJbqmLK1WutPTq/lmQqFCN2eftw==",
      "engines": {
        "node": ">= 0.4"
      }
    },
    "node_modules/bplist-creator": {
      "version": "0.0.4",
      "resolved": "https://registry.npmjs.org/bplist-creator/-/bplist-creator-0.0.4.tgz",
      "integrity": "sha512-S6SjiqI9rOOcXGpinzdoW4gXri2IxiXdn3V5tfHTVWuGVxuU+SQK4Iwkjg7QzjRsT5on66oOVlgCDaqCYtZ11A==",
      "dependencies": {
        "stream-buffers": "~0.2.3"
      }
    },
    "node_modules/bplist-parser": {
      "version": "0.0.6",
      "resolved": "https://registry.npmjs.org/bplist-parser/-/bplist-parser-0.0.6.tgz",
      "integrity": "sha512-fGeghPEH4Eytvf+Mi446aKcDqvkA/+eh6r7QGiZWMQG6TzqrnsToLP379XFfqRSZ41+676hhGIm++maNST1Apw=="
    },
    "node_modules/camelcase": {
      "version": "1.2.1",
      "resolved": "https://registry.npmjs.org/camelcase/-/camelcase-1.2.1.tgz",
      "integrity": "sha512-wzLkDa4K/mzI1OSITC+DUyjgIl/ETNHE9QvYgy6J6Jvqyyz4C0Xfd+lQhb19sX2jMpZV4IssUn0VDVmglV+s4g==",
      "engines": {
        "node": ">=0.10.0"
      }
    },
    "node_modules/camelcase-keys": {
      "version": "1.0.0",
      "resolved": "https://registry.npmjs.org/camelcase-keys/-/camelcase-keys-1.0.0.tgz",
      "integrity": "sha512-hwNYKTjJTlDabjJp2xn0h8bRmOpObvXVgYbQmR+Xob/EeBDtYea3xttjr5hqiWqLWtI3/6xO7x1ZAktQ9up+ag==",
      "dependencies": {
        "camelcase": "^1.0.1",
        "map-obj": "^1.0.0"
      },
      "engines": {
        "node": ">=0.10.0"
      }
    },
    "node_modules/cross-spawn": {
      "version": "7.0.3",
      "resolved": "https://registry.npmjs.org/cross-spawn/-/cross-spawn-7.0.3.tgz",
      "integrity": "sha512-iRDPJKUPVEND7dHPO8rkbOnPpyDygcDFtWjpeWNCgy8WP2rXcxXL8TskReQl6OrB2G7+UJrags1q15Fudc7G6w==",
      "dependencies": {
        "path-key": "^3.1.0",
        "shebang-command": "^2.0.0",
        "which": "^2.0.1"
      },
      "engines": {
        "node": ">= 8"
      }
    },
    "node_modules/execa": {
      "version": "9.3.1",
      "resolved": "https://registry.npmjs.org/execa/-/execa-9.3.1.tgz",
      "integrity": "sha512-gdhefCCNy/8tpH/2+ajP9IQc14vXchNdd0weyzSJEFURhRMGncQ+zKFxwjAufIewPEJm9BPOaJnvg2UtlH2gPQ==",
      "dependencies": {
        "@sindresorhus/merge-streams": "^4.0.0",
        "cross-spawn": "^7.0.3",
        "figures": "^6.1.0",
        "get-stream": "^9.0.0",
        "human-signals": "^8.0.0",
        "is-plain-obj": "^4.1.0",
        "is-stream": "^4.0.1",
        "npm-run-path": "^5.2.0",
        "pretty-ms": "^9.0.0",
        "signal-exit": "^4.1.0",
        "strip-final-newline": "^4.0.0",
        "yoctocolors": "^2.0.0"
      },
      "engines": {
        "node": "^18.19.0 || >=20.5.0"
      },
      "funding": {
        "url": "https://github.com/sindresorhus/execa?sponsor=1"
      }
    },
    "node_modules/figures": {
      "version": "6.1.0",
      "resolved": "https://registry.npmjs.org/figures/-/figures-6.1.0.tgz",
      "integrity": "sha512-d+l3qxjSesT4V7v2fh+QnmFnUWv9lSpjarhShNTgBOfA0ttejbQUAlHLitbjkoRiDulW0OPoQPYIGhIC8ohejg==",
      "dependencies": {
        "is-unicode-supported": "^2.0.0"
      },
      "engines": {
        "node": ">=18"
      },
      "funding": {
        "url": "https://github.com/sponsors/sindresorhus"
      }
    },
    "node_modules/find-exec": {
      "version": "1.0.3",
      "resolved": "https://registry.npmjs.org/find-exec/-/find-exec-1.0.3.tgz",
      "integrity": "sha512-gnG38zW90mS8hm5smNcrBnakPEt+cGJoiMkJwCU0IYnEb0H2NQk0NIljhNW+48oniCriFek/PH6QXbwsJo/qug==",
      "dependencies": {
        "shell-quote": "^1.8.1"
      }
    },
    "node_modules/get-stream": {
      "version": "9.0.1",
      "resolved": "https://registry.npmjs.org/get-stream/-/get-stream-9.0.1.tgz",
      "integrity": "sha512-kVCxPF3vQM/N0B1PmoqVUqgHP+EeVjmZSQn+1oCRPxd2P21P2F19lIgbR3HBosbB1PUhOAoctJnfEn2GbN2eZA==",
      "dependencies": {
        "@sec-ant/readable-stream": "^0.4.1",
        "is-stream": "^4.0.1"
      },
      "engines": {
        "node": ">=18"
      },
      "funding": {
        "url": "https://github.com/sponsors/sindresorhus"
      }
    },
    "node_modules/growly": {
      "version": "1.3.0",
      "resolved": "https://registry.npmjs.org/growly/-/growly-1.3.0.tgz",
      "integrity": "sha512-+xGQY0YyAWCnqy7Cd++hc2JqMYzlm0dG30Jd0beaA64sROr8C4nt8Yc9V5Ro3avlSUDTN0ulqP/VBKi1/lLygw=="
    },
    "node_modules/human-signals": {
      "version": "8.0.0",
      "resolved": "https://registry.npmjs.org/human-signals/-/human-signals-8.0.0.tgz",
      "integrity": "sha512-/1/GPCpDUCCYwlERiYjxoczfP0zfvZMU/OWgQPMya9AbAE24vseigFdhAMObpc8Q4lc/kjutPfUddDYyAmejnA==",
      "engines": {
        "node": ">=18.18.0"
      }
    },
    "node_modules/is-docker": {
      "version": "2.2.1",
      "resolved": "https://registry.npmjs.org/is-docker/-/is-docker-2.2.1.tgz",
      "integrity": "sha512-F+i2BKsFrH66iaUFc0woD8sLy8getkwTwtOBjvs56Cx4CgJDeKQeqfz8wAYiSb8JOprWhHH5p77PbmYCvvUuXQ==",
      "bin": {
        "is-docker": "cli.js"
      },
      "engines": {
        "node": ">=8"
      },
      "funding": {
        "url": "https://github.com/sponsors/sindresorhus"
      }
    },
    "node_modules/is-plain-obj": {
      "version": "4.1.0",
      "resolved": "https://registry.npmjs.org/is-plain-obj/-/is-plain-obj-4.1.0.tgz",
      "integrity": "sha512-+Pgi+vMuUNkJyExiMBt5IlFoMyKnr5zhJ4Uspz58WOhBF5QoIZkFyNHIbBAtHwzVAgk5RtndVNsDRN61/mmDqg==",
      "engines": {
        "node": ">=12"
      },
      "funding": {
        "url": "https://github.com/sponsors/sindresorhus"
      }
    },
    "node_modules/is-stream": {
      "version": "4.0.1",
      "resolved": "https://registry.npmjs.org/is-stream/-/is-stream-4.0.1.tgz",
      "integrity": "sha512-Dnz92NInDqYckGEUJv689RbRiTSEHCQ7wOVeALbkOz999YpqT46yMRIGtSNl2iCL1waAZSx40+h59NV/EwzV/A==",
      "engines": {
        "node": ">=18"
      },
      "funding": {
        "url": "https://github.com/sponsors/sindresorhus"
      }
    },
    "node_modules/is-unicode-supported": {
      "version": "2.0.0",
      "resolved": "https://registry.npmjs.org/is-unicode-supported/-/is-unicode-supported-2.0.0.tgz",
      "integrity": "sha512-FRdAyx5lusK1iHG0TWpVtk9+1i+GjrzRffhDg4ovQ7mcidMQ6mj+MhKPmvh7Xwyv5gIS06ns49CA7Sqg7lC22Q==",
      "engines": {
        "node": ">=18"
      },
      "funding": {
        "url": "https://github.com/sponsors/sindresorhus"
      }
    },
    "node_modules/is-wsl": {
      "version": "2.2.0",
      "resolved": "https://registry.npmjs.org/is-wsl/-/is-wsl-2.2.0.tgz",
      "integrity": "sha512-fKzAra0rGJUUBwGBgNkHZuToZcn+TtXHpeCgmkMJMMYx1sQDYaCSyjJBSCa2nH1DGm7s3n1oBnohoVTBaN7Lww==",
      "dependencies": {
        "is-docker": "^2.0.0"
      },
      "engines": {
        "node": ">=8"
      }
    },
    "node_modules/isexe": {
      "version": "2.0.0",
      "resolved": "https://registry.npmjs.org/isexe/-/isexe-2.0.0.tgz",
      "integrity": "sha512-RHxMLp9lnKHGHRng9QFhRCMbYAcVpn69smSGcq3f36xjgVVWThj4qqLbTLlq7Ssj8B+fIQ1EuCEGI2lKsyQeIw=="
    },
    "node_modules/linux-batteries": {
      "version": "2.0.0",
      "resolved": "https://registry.npmjs.org/linux-batteries/-/linux-batteries-2.0.0.tgz",
      "integrity": "sha512-1OrNC3z3UWsffWssasly+DIh+AgSHy/f+x5ZHcFBXXlT5KswNSxry0SBKkg4oPVvOvIOWVGStZrh3bx7jRbCxw==",
      "dependencies": {
        "pify": "^2.2.0",
        "pinkie-promise": "^1.0.0"
      },
      "engines": {
        "node": ">=0.10.0"
      }
    },
    "node_modules/linux-battery": {
      "version": "3.0.1",
      "resolved": "https://registry.npmjs.org/linux-battery/-/linux-battery-3.0.1.tgz",
      "integrity": "sha512-iU3K7TMzI0xSNq5ChErfmjsiUXtBtXyQOexoSahKFGqF1CjEwKt/ao0nj0wEAEx9yy4yopdeYHXaJvUF0MYFOA==",
      "dependencies": {
        "camelcase-keys": "^1.0.0",
        "linux-batteries": "^2.0.0",
        "pify": "^2.2.0",
        "pinkie-promise": "^1.0.0"
      },
      "engines": {
        "node": ">=0.10.0"
      }
    },
    "node_modules/lodash-node": {
      "version": "2.4.1",
      "resolved": "https://registry.npmjs.org/lodash-node/-/lodash-node-2.4.1.tgz",
      "integrity": "sha512-egEt8eNQp2kZWRmngahiqMoDCDCENv3uM188S7Ed5t4k3v6RrLELXC+FqLNMUnhCo7gvQX3G1V8opK/Lcslahg==",
      "deprecated": "This package is discontinued. Use lodash@^4.0.0."
    },
    "node_modules/lowercase-first-keys": {
      "version": "1.0.1",
      "resolved": "https://registry.npmjs.org/lowercase-first-keys/-/lowercase-first-keys-1.0.1.tgz",
      "integrity": "sha512-ad6HkGnEWENTmglzmZ34FUYZEHNyw1bYGKtDs/xAa7AXoVM4HShmBvA/gFJkboEwm003ezzzqmNWKxtltsaLww==",
      "engines": {
        "node": ">=0.10.0"
      }
    },
    "node_modules/map-obj": {
      "version": "1.0.1",
      "resolved": "https://registry.npmjs.org/map-obj/-/map-obj-1.0.1.tgz",
      "integrity": "sha512-7N/q3lyZ+LVCp7PzuxrJr4KMbBE2hW7BT7YNia330OFxIf4d3r5zVpicP2650l7CPN6RM9zOJRl3NGpqSiw3Eg==",
      "engines": {
        "node": ">=0.10.0"
      }
    },
    "node_modules/node-notifier": {
      "version": "10.0.1",
      "resolved": "https://registry.npmjs.org/node-notifier/-/node-notifier-10.0.1.tgz",
      "integrity": "sha512-YX7TSyDukOZ0g+gmzjB6abKu+hTGvO8+8+gIFDsRCU2t8fLV/P2unmt+LGFaIa4y64aX98Qksa97rgz4vMNeLQ==",
      "dependencies": {
        "growly": "^1.3.0",
        "is-wsl": "^2.2.0",
        "semver": "^7.3.5",
        "shellwords": "^0.1.1",
        "uuid": "^8.3.2",
        "which": "^2.0.2"
      }
    },
    "node_modules/npm-run-path": {
      "version": "5.3.0",
      "resolved": "https://registry.npmjs.org/npm-run-path/-/npm-run-path-5.3.0.tgz",
      "integrity": "sha512-ppwTtiJZq0O/ai0z7yfudtBpWIoxM8yE6nHi1X47eFR2EWORqfbu6CnPlNsjeN683eT0qG6H/Pyf9fCcvjnnnQ==",
      "dependencies": {
        "path-key": "^4.0.0"
      },
      "engines": {
        "node": "^12.20.0 || ^14.13.1 || >=16.0.0"
      },
      "funding": {
        "url": "https://github.com/sponsors/sindresorhus"
      }
    },
    "node_modules/npm-run-path/node_modules/path-key": {
      "version": "4.0.0",
      "resolved": "https://registry.npmjs.org/path-key/-/path-key-4.0.0.tgz",
      "integrity": "sha512-haREypq7xkM7ErfgIyA0z+Bj4AGKlMSdlQE2jvJo6huWD1EdkKYV+G/T4nq0YEF2vgTT8kqMFKo1uHn950r4SQ==",
      "engines": {
        "node": ">=12"
      },
      "funding": {
        "url": "https://github.com/sponsors/sindresorhus"
      }
    },
    "node_modules/obj-type": {
      "version": "1.0.1",
      "resolved": "https://registry.npmjs.org/obj-type/-/obj-type-1.0.1.tgz",
      "integrity": "sha512-Ek2el5XJyMSW8mOyXF/4Jm3dmSEbeas9y2x3yit7C+DX7G8epk8xly7nX2z3aaM26/+MziS+RegNlKgkjyGLTw==",
      "engines": {
        "node": ">=0.10.0"
      }
    },
    "node_modules/one-time": {
      "version": "0.0.4",
      "resolved": "https://registry.npmjs.org/one-time/-/one-time-0.0.4.tgz",
      "integrity": "sha512-qAMrwuk2xLEutlASoiPiAMW3EN3K96Ka/ilSXYr6qR1zSVXw2j7+yDSqGTC4T9apfLYxM3tLLjKvgPdAUK7kYQ=="
    },
    "node_modules/osx-battery": {
      "version": "4.0.0",
      "resolved": "https://registry.npmjs.org/osx-battery/-/osx-battery-4.0.0.tgz",
      "integrity": "sha512-B2LWF3ugcq2hgilug+RkB0hUGDbk8s78MzHDO6ff90bN2mBNuAYYNMXb4YkeSvECkz3MFaFnHpyYjKSlrZK7IQ==",
      "dependencies": {
        "lowercase-first-keys": "^1.0.0",
        "obj-type": "^1.0.0",
        "pify": "^2.2.0",
        "pinkie-promise": "^1.0.0",
        "simple-plist": "0.0.4"
      },
      "engines": {
        "node": ">=0.10.0"
      }
    },
    "node_modules/parse-ms": {
      "version": "4.0.0",
      "resolved": "https://registry.npmjs.org/parse-ms/-/parse-ms-4.0.0.tgz",
      "integrity": "sha512-TXfryirbmq34y8QBwgqCVLi+8oA3oWx2eAnSn62ITyEhEYaWRlVZ2DvMM9eZbMs/RfxPu/PK/aBLyGj4IrqMHw==",
      "engines": {
        "node": ">=18"
      },
      "funding": {
        "url": "https://github.com/sponsors/sindresorhus"
      }
    },
    "node_modules/path-key": {
      "version": "3.1.1",
      "resolved": "https://registry.npmjs.org/path-key/-/path-key-3.1.1.tgz",
      "integrity": "sha512-ojmeN0qd+y0jszEtoY48r0Peq5dwMEkIlCOu6Q5f41lfkswXuKtYrhgoTpLnyIcHm24Uhqx+5Tqm2InSwLhE6Q==",
      "engines": {
        "node": ">=8"
      }
    },
    "node_modules/pify": {
      "version": "2.3.0",
      "resolved": "https://registry.npmjs.org/pify/-/pify-2.3.0.tgz",
      "integrity": "sha512-udgsAY+fTnvv7kI7aaxbqwWNb0AHiB0qBO89PZKPkoTmGOgdbrHDKD+0B2X4uTfJ/FT1R09r9gTsjUjNJotuog==",
      "engines": {
        "node": ">=0.10.0"
      }
    },
    "node_modules/pinkie": {
      "version": "1.0.0",
      "resolved": "https://registry.npmjs.org/pinkie/-/pinkie-1.0.0.tgz",
      "integrity": "sha512-VFVaU1ysKakao68ktZm76PIdOhvEfoNNRaGkyLln9Os7r0/MCxqHjHyBM7dT3pgTiBybqiPtpqKfpENwdBp50Q==",
      "engines": {
        "node": ">=0.10.0"
      }
    },
    "node_modules/pinkie-promise": {
      "version": "1.0.0",
      "resolved": "https://registry.npmjs.org/pinkie-promise/-/pinkie-promise-1.0.0.tgz",
      "integrity": "sha512-5mvtVNse2Ml9zpFKkWBpGsTPwm3DKhs+c95prO/F6E7d6DN0FPqxs6LONpLNpyD7Iheb7QN4BbUoKJgo+DnkQA==",
      "dependencies": {
        "pinkie": "^1.0.0"
      },
      "engines": {
        "node": ">=0.10.0"
      }
    },
    "node_modules/play-sound": {
      "version": "1.1.6",
      "resolved": "https://registry.npmjs.org/play-sound/-/play-sound-1.1.6.tgz",
      "integrity": "sha512-09eO4QiXNFXJffJaOW5P6x6F5RLihpLUkXttvUZeWml0fU6x6Zp7AjG9zaeMpgH2ZNvq4GR1ytB22ddYcqJIZA==",
      "dependencies": {
        "find-exec": "1.0.3"
      }
    },
    "node_modules/plist": {
      "version": "1.1.0",
      "resolved": "https://registry.npmjs.org/plist/-/plist-1.1.0.tgz",
      "integrity": "sha512-MYB88Mp5Ep79QuHbDWIJsT8OrCLRwV1sVD+3sJQUSZRKf/Mm/378053MUipNDMok4kH7c9pyef0BW+wC14xvOQ==",
      "dependencies": {
        "base64-js": "0.0.6",
        "util-deprecate": "1.0.0",
        "xmlbuilder": "2.2.1",
        "xmldom": "0.1.x"
      }
    },
    "node_modules/pretty-ms": {
      "version": "9.1.0",
      "resolved": "https://registry.npmjs.org/pretty-ms/-/pretty-ms-9.1.0.tgz",
      "integrity": "sha512-o1piW0n3tgKIKCwk2vpM/vOV13zjJzvP37Ioze54YlTHE06m4tjEbzg9WsKkvTuyYln2DHjo5pY4qrZGI0otpw==",
      "dependencies": {
        "parse-ms": "^4.0.0"
      },
      "engines": {
        "node": ">=18"
      },
      "funding": {
        "url": "https://github.com/sponsors/sindresorhus"
      }
    },
    "node_modules/say": {
      "version": "0.16.0",
      "resolved": "https://registry.npmjs.org/say/-/say-0.16.0.tgz",
      "integrity": "sha512-yEfncNu3I6lcZ6RIrXgE9DqbrEmvV5uQQ8ReM14u/DodlvJYpveqNphO55RLMSj77b06ZKNif/FLmhzQxcuUXg==",
      "dependencies": {
        "one-time": "0.0.4"
      },
      "engines": {
        "node": ">=6.9"
      }
    },
    "node_modules/semver": {
      "version": "7.6.3",
      "resolved": "https://registry.npmjs.org/semver/-/semver-7.6.3.tgz",
      "integrity": "sha512-oVekP1cKtI+CTDvHWYFUcMtsK/00wmAEfyqKfNdARm8u1wNVhSgaX7A8d4UuIlUI5e84iEwOhs7ZPYRmzU9U6A==",
      "bin": {
        "semver": "bin/semver.js"
      },
      "engines": {
        "node": ">=10"
      }
    },
    "node_modules/shebang-command": {
      "version": "2.0.0",
      "resolved": "https://registry.npmjs.org/shebang-command/-/shebang-command-2.0.0.tgz",
      "integrity": "sha512-kHxr2zZpYtdmrN1qDjrrX/Z1rR1kG8Dx+gkpK1G4eXmvXswmcE1hTWBWYUzlraYw1/yZp6YuDY77YtvbN0dmDA==",
      "dependencies": {
        "shebang-regex": "^3.0.0"
      },
      "engines": {
        "node": ">=8"
      }
    },
    "node_modules/shebang-regex": {
      "version": "3.0.0",
      "resolved": "https://registry.npmjs.org/shebang-regex/-/shebang-regex-3.0.0.tgz",
      "integrity": "sha512-7++dFhtcx3353uBaq8DDR4NuxBetBzC7ZQOhmTQInHEd6bSrXdiEyzCvG07Z44UYdLShWUyXt5M/yhz8ekcb1A==",
      "engines": {
        "node": ">=8"
      }
    },
    "node_modules/shell-quote": {
      "version": "1.8.1",
      "resolved": "https://registry.npmjs.org/shell-quote/-/shell-quote-1.8.1.tgz",
      "integrity": "sha512-6j1W9l1iAs/4xYBI1SYOVZyFcCis9b4KCLQ8fgAGG07QvzaRLVVRQvAy85yNmmZSjYjg4MWh4gNvlPujU/5LpA==",
      "funding": {
        "url": "https://github.com/sponsors/ljharb"
      }
    },
    "node_modules/shellwords": {
      "version": "0.1.1",
      "resolved": "https://registry.npmjs.org/shellwords/-/shellwords-0.1.1.tgz",
      "integrity": "sha512-vFwSUfQvqybiICwZY5+DAWIPLKsWO31Q91JSKl3UYv+K5c2QRPzn0qzec6QPu1Qc9eHYItiP3NdJqNVqetYAww=="
    },
    "node_modules/signal-exit": {
      "version": "4.1.0",
      "resolved": "https://registry.npmjs.org/signal-exit/-/signal-exit-4.1.0.tgz",
      "integrity": "sha512-bzyZ1e88w9O1iNJbKnOlvYTrWPDl46O1bG0D3XInv+9tkPrxrN8jUUTiFlDkkmKWgn1M6CfIA13SuGqOa9Korw==",
      "engines": {
        "node": ">=14"
      },
      "funding": {
        "url": "https://github.com/sponsors/isaacs"
      }
    },
    "node_modules/simple-plist": {
      "version": "0.0.4",
      "resolved": "https://registry.npmjs.org/simple-plist/-/simple-plist-0.0.4.tgz",
      "integrity": "sha512-YAKuAmppvbHhwhO8ILBTvogIYfsgt6JvGzyF/Y8al191N1rnbNAid/VzpINMY4SNWOVx3UXmhtYvvGQN5z6Y0A==",
      "dependencies": {
        "bplist-creator": "0.0.4",
        "bplist-parser": "0.0.6",
        "plist": "1.1.0"
      }
    },
    "node_modules/stream-buffers": {
      "version": "0.2.6",
      "resolved": "https://registry.npmjs.org/stream-buffers/-/stream-buffers-0.2.6.tgz",
      "integrity": "sha512-ZRpmWyuCdg0TtNKk8bEqvm13oQvXMmzXDsfD4cBgcx5LouborvU5pm3JMkdTP3HcszyUI08AM1dHMXA5r2g6Sg==",
      "engines": {
        "node": ">= 0.3.0"
      }
    },
    "node_modules/strip-final-newline": {
      "version": "4.0.0",
      "resolved": "https://registry.npmjs.org/strip-final-newline/-/strip-final-newline-4.0.0.tgz",
      "integrity": "sha512-aulFJcD6YK8V1G7iRB5tigAP4TsHBZZrOV8pjV++zdUwmeV8uzbY7yn6h9MswN62adStNZFuCIx4haBnRuMDaw==",
      "engines": {
        "node": ">=18"
      },
      "funding": {
        "url": "https://github.com/sponsors/sindresorhus"
      }
    },
    "node_modules/to-decimal": {
      "version": "2.0.0",
      "resolved": "https://registry.npmjs.org/to-decimal/-/to-decimal-2.0.0.tgz",
      "integrity": "sha512-QDK/FxpLrqATwrAwxZ0eMh8kAzMQyMCX2QeFlsNyBWdX+3gKt9hUt4maj51xIG5ksclHGMs+07IyXyCh5UefDQ==",
      "engines": {
        "node": ">=0.10.0"
      }
    },
    "node_modules/util-deprecate": {
      "version": "1.0.0",
      "resolved": "https://registry.npmjs.org/util-deprecate/-/util-deprecate-1.0.0.tgz",
      "integrity": "sha512-sTmIWz2UtUfg8kaf6qlicnMn6ghnpMboyWJAv+kgorwAmCHY78TcfaRWfMD8OECWkqVFwyat+r1VJxA4dDfGSA=="
    },
    "node_modules/uuid": {
      "version": "8.3.2",
      "resolved": "https://registry.npmjs.org/uuid/-/uuid-8.3.2.tgz",
      "integrity": "sha512-+NYs2QeMWy+GWFOEm9xnn6HCDp0l7QBD7ml8zLUmJ+93Q5NF0NocErnwkTkXVFNiX3/fpC6afS8Dhb/gz7R7eg==",
      "bin": {
        "uuid": "dist/bin/uuid"
      }
    },
    "node_modules/which": {
      "version": "2.0.2",
      "resolved": "https://registry.npmjs.org/which/-/which-2.0.2.tgz",
      "integrity": "sha512-BLI3Tl1TW3Pvl70l3yq3Y64i+awpwXqsGBYWkkqMtnbXgrMD+yj7rhW0kuEDxzJaYXGjEW5ogapKNMEKNMjibA==",
      "dependencies": {
        "isexe": "^2.0.0"
      },
      "bin": {
        "node-which": "bin/node-which"
      },
      "engines": {
        "node": ">= 8"
      }
    },
    "node_modules/xmlbuilder": {
      "version": "2.2.1",
      "resolved": "https://registry.npmjs.org/xmlbuilder/-/xmlbuilder-2.2.1.tgz",
      "integrity": "sha512-/1lEQGgeVQU1a4lB8dMRTiJf9k2WDnwWSxka5via8FZxV9OE7IYidIg9895dhqWx+FVdvHod0fX+j41z7kTXew==",
      "dependencies": {
        "lodash-node": "~2.4.1"
      },
      "engines": {
        "node": "0.8.x || 0.10.x"
      }
    },
    "node_modules/xmldom": {
      "version": "0.1.31",
      "resolved": "https://registry.npmjs.org/xmldom/-/xmldom-0.1.31.tgz",
      "integrity": "sha512-yS2uJflVQs6n+CyjHoaBmVSqIDevTAWrzMmjG1Gc7h1qQ7uVozNhEPJAwZXWyGQ/Gafo3fCwrcaokezLPupVyQ==",
      "deprecated": "Deprecated due to CVE-2021-21366 resolved in 0.5.0",
      "engines": {
        "node": ">=0.1"
      }
    },
    "node_modules/yoctocolors": {
      "version": "2.1.1",
      "resolved": "https://registry.npmjs.org/yoctocolors/-/yoctocolors-2.1.1.tgz",
      "integrity": "sha512-GQHQqAopRhwU8Kt1DDM8NjibDXHC8eoh1erhGAJPEyveY9qqVeXvVikNKrDz69sHowPMorbPUrH/mx8c50eiBQ==",
      "engines": {
        "node": ">=18"
      },
      "funding": {
        "url": "https://github.com/sponsors/sindresorhus"
      }
    }
  }
}
